
Microsoft Visual Studio Solution File, Format Version 12.00
# Visual Studio 15
VisualStudioVersion = 15.0.27004.2005
MinimumVisualStudioVersion = 10.0.40219.1
Project("{FAE04EC0-301F-11D3-BF4B-00C04F79EFBC}") = "Lecture", "Lecture\Lecture.csproj", "{77D7B780-A364-4997-AA37-365502ACE2A7}"
EndProject
Project("{FAE04EC0-301F-11D3-BF4B-00C04F79EFBC}") = "Boxing", "Boxing\Boxing.csproj", "{7E4ACEC2-FAF7-4728-89A2-89B69EC5F938}"
EndProject
Global
	GlobalSection(SolutionConfigurationPlatforms) = preSolution
		Debug|Any CPU = Debug|Any CPU
		Release|Any CPU = Release|Any CPU
	EndGlobalSection
	GlobalSection(ProjectConfigurationPlatforms) = postSolution
		{77D7B780-A364-4997-AA37-365502ACE2A7}.Debug|Any CPU.ActiveCfg = Debug|Any CPU
		{77D7B780-A364-4997-AA37-365502ACE2A7}.Debug|Any CPU.Build.0 = Debug|Any CPU
		{77D7B780-A364-4997-AA37-365502ACE2A7}.Release|Any CPU.ActiveCfg = Release|Any CPU
		{77D7B780-A364-4997-AA37-365502ACE2A7}.Release|Any CPU.Build.0 = Release|Any CPU
		{7E4ACEC2-FAF7-4728-89A2-89B69EC5F938}.Debug|Any CPU.ActiveCfg = Debug|Any CPU
		{7E4ACEC2-FAF7-4728-89A2-89B69EC5F938}.Debug|Any CPU.Build.0 = Debug|Any CPU
		{7E4ACEC2-FAF7-4728-89A2-89B69EC5F938}.Release|Any CPU.ActiveCfg = Release|Any CPU
		{7E4ACEC2-FAF7-4728-89A2-89B69EC5F938}.Release|Any CPU.Build.0 = Release|Any CPU
	EndGlobalSection
	GlobalSection(SolutionProperties) = preSolution
		HideSolutionNode = FALSE
	EndGlobalSection
	GlobalSection(ExtensibilityGlobals) = postSolution
		SolutionGuid = {045FDFF5-BDB1-4AA2-BB0E-AF34B1BCC238}
	EndGlobalSection
EndGlobal
